{
  "name": "stencil-threejs-vr-toolkit",
  "version": "0.0.1",
  "lockfileVersion": 1,
  "requires": true,
  "dependencies": {
    "@ionic/core": {
      "version": "4.9.1",
      "resolved": "https://registry.npmjs.org/@ionic/core/-/core-4.9.1.tgz",
      "integrity": "sha512-m6wlO6/vP4xL3xd8ZGl9lNbmiiMs6I7d33Y13pS65f5EOUC7Fc0+qEEEWtQZc4EGQdB/pmIHlgd8o7MZvV/SXA==",
      "requires": {
        "ionicons": "^4.6.3",
        "tslib": "^1.10.0"
      }
    },
    "@stencil/core": {
      "version": "1.5.2",
      "resolved": "https://registry.npmjs.org/@stencil/core/-/core-1.5.2.tgz",
      "integrity": "sha512-bxsPDTWuQQRtK7ExjX7rMYYn7t5Kjp/VWbJaM31wXKIHzseaOkMaQGlJiQui8B66YV0BcZOBtRX0rbWxigJ0/w==",
      "dev": true,
      "requires": {
        "typescript": "3.6.3"
      }
    },
    "cardboard-vr-display": {
      "version": "git+https://github.com/NorthMcCormick/cardboard-vr-display.git#719cc09f23e949f11b42ea9f7b58d202d3f309f5",
      "from": "git+https://github.com/NorthMcCormick/cardboard-vr-display.git#719cc09f23e949f11b42ea9f7b58d202d3f309f5",
      "requires": {
        "gl-preserve-state": "^1.0.0",
        "nosleep.js": "^0.7.0",
        "webvr-polyfill-dpdb": "^1.0.11"
      }
    },
    "gl-preserve-state": {
      "version": "1.0.0",
      "resolved": "https://registry.npmjs.org/gl-preserve-state/-/gl-preserve-state-1.0.0.tgz",
      "integrity": "sha512-zQZ25l3haD4hvgJZ6C9+s0ebdkW9y+7U2qxvGu1uWOJh8a4RU+jURIKEQhf8elIlFpMH6CrAY2tH0mYrRjet3Q=="
    },
    "ionicons": {
      "version": "4.6.3",
      "resolved": "https://registry.npmjs.org/ionicons/-/ionicons-4.6.3.tgz",
      "integrity": "sha512-cgP+VIr2cTJpMfFyVHTerq6n2jeoiGboVoe3GlaAo5zoSBDAEXORwUZhv6m+lCyxlsHCS3nqPUE+MKyZU71t8Q=="
    },
    "nosleep.js": {
      "version": "0.7.0",
      "resolved": "https://registry.npmjs.org/nosleep.js/-/nosleep.js-0.7.0.tgz",
      "integrity": "sha1-z9kZwlUjyg0PSmn7MwXAg62u4ok="
    },
    "three": {
      "version": "0.110.0",
      "resolved": "https://registry.npmjs.org/three/-/three-0.110.0.tgz",
      "integrity": "sha512-wlurH8XBO9Sd5VIw8nBa+taLR20kqaI4e9FiuMh6tqK8eOS2q2R+ZoUyufbyDTVTHhs8GiTbv0r2CMLkwerFJg=="
    },
    "tslib": {
      "version": "1.10.0",
      "resolved": "https://registry.npmjs.org/tslib/-/tslib-1.10.0.tgz",
      "integrity": "sha512-qOebF53frne81cf0S9B41ByenJ3/IuH8yJKngAX35CmiZySA0khhkovshKK+jGCaMnVomla7gVlIcc3EvKPbTQ=="
    },
    "typescript": {
      "version": "3.6.3",
      "resolved": "https://registry.npmjs.org/typescript/-/typescript-3.6.3.tgz",
      "integrity": "sha512-N7bceJL1CtRQ2RiG0AQME13ksR7DiuQh/QehubYcghzv20tnh+MQnQIuJddTmsbqYj+dztchykemz0zFzlvdQw==",
      "dev": true
    },
    "webvr-polyfill": {
      "version": "git+https://github.com/NorthMcCormick/webvr-polyfill.git#1cf6efeab7a74f096b60a14ad579d430393276bd",
      "from": "git+https://github.com/NorthMcCormick/webvr-polyfill.git#1cf6efeab7a74f096b60a14ad579d430393276bd",
      "requires": {
        "cardboard-vr-display": "git+https://github.com/NorthMcCormick/cardboard-vr-display.git#719cc09f23e949f11b42ea9f7b58d202d3f309f5"
      }
    },
    "webvr-polyfill-dpdb": {
      "version": "1.0.16",
      "resolved": "https://registry.npmjs.org/webvr-polyfill-dpdb/-/webvr-polyfill-dpdb-1.0.16.tgz",
      "integrity": "sha512-FCciTtPhwkYYHGL0K67G8k7ZnNVqnEx3u4NVHLJ0+Ya6f2VTZUl/GJpaEo1Id2pBP/2l0RYZ3IGZE4Pe8fRalg=="
    }
  }
}
